
Microsoft Visual Studio Solution File, Format Version 12.00
# Visual Studio Version 16
VisualStudioVersion = 16.0.30104.148
MinimumVisualStudioVersion = 10.0.40219.1
Project("{FAE04EC0-301F-11D3-BF4B-00C04F79EFBC}") = "DAN_XXXIV_MilosPeric", "DAN_XXXIV_MilosPeric\DAN_XXXIV_MilosPeric.csproj", "{ED37C214-C97A-4ECA-9D10-F895AAB98F90}"
EndProject
Global
	GlobalSection(SolutionConfigurationPlatforms) = preSolution
		Debug|Any CPU = Debug|Any CPU
		Release|Any CPU = Release|Any CPU
	EndGlobalSection
	GlobalSection(ProjectConfigurationPlatforms) = postSolution
		{ED37C214-C97A-4ECA-9D10-F895AAB98F90}.Debug|Any CPU.ActiveCfg = Debug|Any CPU
		{ED37C214-C97A-4ECA-9D10-F895AAB98F90}.Debug|Any CPU.Build.0 = Debug|Any CPU
		{ED37C214-C97A-4ECA-9D10-F895AAB98F90}.Release|Any CPU.ActiveCfg = Release|Any CPU
		{ED37C214-C97A-4ECA-9D10-F895AAB98F90}.Release|Any CPU.Build.0 = Release|Any CPU
	EndGlobalSection
	GlobalSection(SolutionProperties) = preSolution
		HideSolutionNode = FALSE
	EndGlobalSection
	GlobalSection(ExtensibilityGlobals) = postSolution
		SolutionGuid = {02690F2A-5BCE-4251-B25E-C968738DECBA}
	EndGlobalSection
EndGlobal
